
Microsoft Visual Studio Solution File, Format Version 12.00
# Visual Studio Version 17
VisualStudioVersion = 17.2.32526.322
MinimumVisualStudioVersion = 10.0.40219.1
Project("{FAE04EC0-301F-11D3-BF4B-00C04F79EFBC}") = "ChatMessRyb", "ChatMessRyb\ChatMessRyb.csproj", "{93CEA7A9-C67C-410D-92C9-0E224258244E}"
EndProject
Global
	GlobalSection(SolutionConfigurationPlatforms) = preSolution
		Debug|Any CPU = Debug|Any CPU
		Release|Any CPU = Release|Any CPU
	EndGlobalSection
	GlobalSection(ProjectConfigurationPlatforms) = postSolution
		{93CEA7A9-C67C-410D-92C9-0E224258244E}.Debug|Any CPU.ActiveCfg = Debug|Any CPU
		{93CEA7A9-C67C-410D-92C9-0E224258244E}.Debug|Any CPU.Build.0 = Debug|Any CPU
		{93CEA7A9-C67C-410D-92C9-0E224258244E}.Release|Any CPU.ActiveCfg = Release|Any CPU
		{93CEA7A9-C67C-410D-92C9-0E224258244E}.Release|Any CPU.Build.0 = Release|Any CPU
	EndGlobalSection
	GlobalSection(SolutionProperties) = preSolution
		HideSolutionNode = FALSE
	EndGlobalSection
	GlobalSection(ExtensibilityGlobals) = postSolution
		SolutionGuid = {2779A1CB-5D2E-46A4-8B1A-583C8E78D84D}
	EndGlobalSection
EndGlobal
